
Microsoft Visual Studio Solution File, Format Version 12.00
# Visual Studio Version 17
VisualStudioVersion = 17.6.33829.357
MinimumVisualStudioVersion = 10.0.40219.1
Project("{FAE04EC0-301F-11D3-BF4B-00C04F79EFBC}") = "PatternStrategy", "PatternStrategy\PatternStrategy.csproj", "{1715F7C7-9E66-4502-96D9-CDBA186EE506}"
EndProject
Global
	GlobalSection(SolutionConfigurationPlatforms) = preSolution
		Debug|Any CPU = Debug|Any CPU
		Release|Any CPU = Release|Any CPU
	EndGlobalSection
	GlobalSection(ProjectConfigurationPlatforms) = postSolution
		{1715F7C7-9E66-4502-96D9-CDBA186EE506}.Debug|Any CPU.ActiveCfg = Debug|Any CPU
		{1715F7C7-9E66-4502-96D9-CDBA186EE506}.Debug|Any CPU.Build.0 = Debug|Any CPU
		{1715F7C7-9E66-4502-96D9-CDBA186EE506}.Release|Any CPU.ActiveCfg = Release|Any CPU
		{1715F7C7-9E66-4502-96D9-CDBA186EE506}.Release|Any CPU.Build.0 = Release|Any CPU
	EndGlobalSection
	GlobalSection(SolutionProperties) = preSolution
		HideSolutionNode = FALSE
	EndGlobalSection
	GlobalSection(ExtensibilityGlobals) = postSolution
		SolutionGuid = {2830A037-34C0-40FE-BC19-CD057A0F4C96}
	EndGlobalSection
EndGlobal
